Microsoft Visual Studio Solution File, Format Version 12.00
# Visual Studio Version 17
VisualStudioVersion = 17.0.31903.59
MinimumVisualStudioVersion = 10.0.40219.1
Project("{FAE04EC0-301F-11D3-BF4B-00C04F79EFBC}") = "JonaHomelab.Companion", "JonaHomelab.Companion.csproj", "{5F2B1E1B-28BE-4BF0-9E7A-3D8A5C2B2A1B}"
EndProject
Project("{FAE04EC0-301F-11D3-BF4B-00C04F79EFBC}") = "JonaHomelab.Companion.Tests", "JonaHomelab.Companion.Tests\JonaHomelab.Companion.Tests.csproj", "{A8E5EF59-6A24-42AF-AF37-3D7A6D7B32F7}"
EndProject
Global
	GlobalSection(SolutionConfigurationPlatforms) = preSolution
		Debug|Any CPU = Debug|Any CPU
		Release|Any CPU = Release|Any CPU
	EndGlobalSection
	GlobalSection(ProjectConfigurationPlatforms) = postSolution
		{5F2B1E1B-28BE-4BF0-9E7A-3D8A5C2B2A1B}.Debug|Any CPU.ActiveCfg = Debug|Any CPU
		{5F2B1E1B-28BE-4BF0-9E7A-3D8A5C2B2A1B}.Debug|Any CPU.Build.0 = Debug|Any CPU
		{5F2B1E1B-28BE-4BF0-9E7A-3D8A5C2B2A1B}.Release|Any CPU.ActiveCfg = Release|Any CPU
		{5F2B1E1B-28BE-4BF0-9E7A-3D8A5C2B2A1B}.Release|Any CPU.Build.0 = Release|Any CPU
		{A8E5EF59-6A24-42AF-AF37-3D7A6D7B32F7}.Debug|Any CPU.ActiveCfg = Debug|Any CPU
		{A8E5EF59-6A24-42AF-AF37-3D7A6D7B32F7}.Debug|Any CPU.Build.0 = Debug|Any CPU
		{A8E5EF59-6A24-42AF-AF37-3D7A6D7B32F7}.Release|Any CPU.ActiveCfg = Release|Any CPU
		{A8E5EF59-6A24-42AF-AF37-3D7A6D7B32F7}.Release|Any CPU.Build.0 = Release|Any CPU
	EndGlobalSection
EndGlobal
